
Microsoft Visual Studio Solution File, Format Version 12.00
# Visual Studio Version 17
VisualStudioVersion = 17.10.34916.146
MinimumVisualStudioVersion = 10.0.40219.1
Project("{FAE04EC0-301F-11D3-BF4B-00C04F79EFBC}") = "RFIDsetting_test", "RFIDsetting_test.csproj", "{3921801E-6B12-4128-9D68-45A63C32FCF4}"
EndProject
Global
	GlobalSection(SolutionConfigurationPlatforms) = preSolution
		Debug|Any CPU = Debug|Any CPU
		Release|Any CPU = Release|Any CPU
	EndGlobalSection
	GlobalSection(ProjectConfigurationPlatforms) = postSolution
		{3921801E-6B12-4128-9D68-45A63C32FCF4}.Debug|Any CPU.ActiveCfg = Debug|Any CPU
		{3921801E-6B12-4128-9D68-45A63C32FCF4}.Debug|Any CPU.Build.0 = Debug|Any CPU
		{3921801E-6B12-4128-9D68-45A63C32FCF4}.Release|Any CPU.ActiveCfg = Release|Any CPU
		{3921801E-6B12-4128-9D68-45A63C32FCF4}.Release|Any CPU.Build.0 = Release|Any CPU
	EndGlobalSection
	GlobalSection(SolutionProperties) = preSolution
		HideSolutionNode = FALSE
	EndGlobalSection
	GlobalSection(ExtensibilityGlobals) = postSolution
		SolutionGuid = {32CB139D-DBE4-4FC0-9F97-7C2ACFA0070F}
	EndGlobalSection
EndGlobal
